
Microsoft Visual Studio Solution File, Format Version 12.00
# Visual Studio Version 17
VisualStudioVersion = 17.14.36705.20 d17.14
MinimumVisualStudioVersion = 10.0.40219.1
Project("{FAE04EC0-301F-11D3-BF4B-00C04F79EFBC}") = "CoreApp", "CoreApp.csproj", "{7B1FF25A-92DC-8178-665B-447F5CADACF1}"
EndProject
Global
	GlobalSection(SolutionConfigurationPlatforms) = preSolution
		Debug|Any CPU = Debug|Any CPU
		Release|Any CPU = Release|Any CPU
	EndGlobalSection
	GlobalSection(ProjectConfigurationPlatforms) = postSolution
		{7B1FF25A-92DC-8178-665B-447F5CADACF1}.Debug|Any CPU.ActiveCfg = Debug|Any CPU
		{7B1FF25A-92DC-8178-665B-447F5CADACF1}.Debug|Any CPU.Build.0 = Debug|Any CPU
		{7B1FF25A-92DC-8178-665B-447F5CADACF1}.Release|Any CPU.ActiveCfg = Release|Any CPU
		{7B1FF25A-92DC-8178-665B-447F5CADACF1}.Release|Any CPU.Build.0 = Release|Any CPU
	EndGlobalSection
	GlobalSection(SolutionProperties) = preSolution
		HideSolutionNode = FALSE
	EndGlobalSection
	GlobalSection(ExtensibilityGlobals) = postSolution
		SolutionGuid = {1B0A0349-FF55-459B-9230-72725C2C2E27}
	EndGlobalSection
EndGlobal
